
Microsoft Visual Studio Solution File, Format Version 12.00
# Visual Studio Version 17
VisualStudioVersion = 17.11.35303.130
MinimumVisualStudioVersion = 10.0.40219.1
Project("{FAE04EC0-301F-11D3-BF4B-00C04F79EFBC}") = "Calculator", "Calculator\Calculator.csproj", "{52D3909F-C8E8-4487-8A1E-5FB483A3294B}"
EndProject
Global
	GlobalSection(SolutionConfigurationPlatforms) = preSolution
		Debug|Any CPU = Debug|Any CPU
		Release|Any CPU = Release|Any CPU
	EndGlobalSection
	GlobalSection(ProjectConfigurationPlatforms) = postSolution
		{52D3909F-C8E8-4487-8A1E-5FB483A3294B}.Debug|Any CPU.ActiveCfg = Debug|Any CPU
		{52D3909F-C8E8-4487-8A1E-5FB483A3294B}.Debug|Any CPU.Build.0 = Debug|Any CPU
		{52D3909F-C8E8-4487-8A1E-5FB483A3294B}.Release|Any CPU.ActiveCfg = Release|Any CPU
		{52D3909F-C8E8-4487-8A1E-5FB483A3294B}.Release|Any CPU.Build.0 = Release|Any CPU
	EndGlobalSection
	GlobalSection(SolutionProperties) = preSolution
		HideSolutionNode = FALSE
	EndGlobalSection
	GlobalSection(ExtensibilityGlobals) = postSolution
		SolutionGuid = {E0ABD977-50B6-481E-AD3E-9F026AAFA967}
	EndGlobalSection
EndGlobal
